
Microsoft Visual Studio Solution File, Format Version 12.00
Project("{FAE04EC0-301F-11D3-BF4B-00C04F79EFBC}") = "Notebook", "Notebook\Notebook.csproj", "{C769207B-A6CB-487A-90D4-ADDA8B4826CA}"
EndProject
Global
	GlobalSection(SolutionConfigurationPlatforms) = preSolution
		Debug|Any CPU = Debug|Any CPU
		Release|Any CPU = Release|Any CPU
	EndGlobalSection
	GlobalSection(ProjectConfigurationPlatforms) = postSolution
		{C769207B-A6CB-487A-90D4-ADDA8B4826CA}.Debug|Any CPU.ActiveCfg = Debug|Any CPU
		{C769207B-A6CB-487A-90D4-ADDA8B4826CA}.Debug|Any CPU.Build.0 = Debug|Any CPU
		{C769207B-A6CB-487A-90D4-ADDA8B4826CA}.Release|Any CPU.ActiveCfg = Release|Any CPU
		{C769207B-A6CB-487A-90D4-ADDA8B4826CA}.Release|Any CPU.Build.0 = Release|Any CPU
	EndGlobalSection
EndGlobal
